// !$*UTF8*$!
{
	archiveVersion = 1;
	classes = {
	};
	objectVersion = 46;
	objects = {

/* Begin PBXBuildFile section */
		8F1275B61E47F01D00945874 /* Main.storyboard in Resources */ = {isa = PBXBuildFile; fileRef = 8F1275B51E47F01D00945874 /* Main.storyboard */; };
		8F3A33ED1E18705900308818 /* EmergencyListContentCell.swift in Sources */ = {isa = PBXBuildFile; fileRef = 8F3A33EC1E18705900308818 /* EmergencyListContentCell.swift */; };
		8F3CE9E41F8064FB00D6F987 /* GoogleService-Info.plist in Resources */ = {isa = PBXBuildFile; fileRef = 8F3CE9E31F8064FB00D6F987 /* GoogleService-Info.plist */; };
		8F4AD06F1F3460E100668195 /* AlertViewController.swift in Sources */ = {isa = PBXBuildFile; fileRef = 8F4AD06E1F3460E100668195 /* AlertViewController.swift */; };
		8F54B0561F3942C300A7F8F6 /* VTA Operations Manager's Assistant.xcdatamodeld in Sources */ = {isa = PBXBuildFile; fileRef = 8F54B0541F3942C300A7F8F6 /* VTA Operations Manager's Assistant.xcdatamodeld */; };
		8F5B55BF1F28931A00361349 /* OptionsViewController.swift in Sources */ = {isa = PBXBuildFile; fileRef = 8F5B55BE1F28931A00361349 /* OptionsViewController.swift */; };
		8F6822C31F3BB9A4001D3AAC /* OCPNavigationController.swift in Sources */ = {isa = PBXBuildFile; fileRef = 8F6822C21F3BB9A4001D3AAC /* OCPNavigationController.swift */; };
		8FBBAA461E16DB0200CF697A /* EmergencyContentCell.swift in Sources */ = {isa = PBXBuildFile; fileRef = 8FBBAA441E16DB0200CF697A /* EmergencyContentCell.swift */; };
		8FBBAA481E16DB6F00CF697A /* Emergency.swift in Sources */ = {isa = PBXBuildFile; fileRef = 8FBBAA471E16DB6F00CF697A /* Emergency.swift */; };
		8FC8643D1F3429EA00C19486 /* OCPListTableViewController.swift in Sources */ = {isa = PBXBuildFile; fileRef = 8FC864381F3429EA00C19486 /* OCPListTableViewController.swift */; };
		8FC8643E1F3429EA00C19486 /* OCPListContentCell.swift in Sources */ = {isa = PBXBuildFile; fileRef = 8FC864391F3429EA00C19486 /* OCPListContentCell.swift */; };
		8FC8643F1F3429EA00C19486 /* OCPTableViewController.swift in Sources */ = {isa = PBXBuildFile; fileRef = 8FC8643A1F3429EA00C19486 /* OCPTableViewController.swift */; };
		8FC864401F3429EA00C19486 /* OCPContentCell.swift in Sources */ = {isa = PBXBuildFile; fileRef = 8FC8643B1F3429EA00C19486 /* OCPContentCell.swift */; };
		8FC864411F3429EA00C19486 /* OCP.swift in Sources */ = {isa = PBXBuildFile; fileRef = 8FC8643C1F3429EA00C19486 /* OCP.swift */; };
		8FD35C921E174A3D00F80A57 /* EmergencyTableViewController.swift in Sources */ = {isa = PBXBuildFile; fileRef = 8FD35C911E174A3D00F80A57 /* EmergencyTableViewController.swift */; };
		8FD766621E1609F2008E9D5C /* AppDelegate.swift in Sources */ = {isa = PBXBuildFile; fileRef = 8FD766611E1609F2008E9D5C /* AppDelegate.swift */; };
		8FD766641E1609F2008E9D5C /* ViewController.swift in Sources */ = {isa = PBXBuildFile; fileRef = 8FD766631E1609F2008E9D5C /* ViewController.swift */; };
		8FD766691E1609F2008E9D5C /* Assets.xcassets in Resources */ = {isa = PBXBuildFile; fileRef = 8FD766681E1609F2008E9D5C /* Assets.xcassets */; };
		8FD7666C1E1609F2008E9D5C /* LaunchScreen.storyboard in Resources */ = {isa = PBXBuildFile; fileRef = 8FD7666A1E1609F2008E9D5C /* LaunchScreen.storyboard */; };
		8FDE97D21F586F8B00712E3F /* EmergencyListTableViewController.swift in Sources */ = {isa = PBXBuildFile; fileRef = 8FDE97D11F586F8B00712E3F /* EmergencyListTableViewController.swift */; };
		8FFCD7E21EB915A90086BAAF /* EmergencyNavigationController.swift in Sources */ = {isa = PBXBuildFile; fileRef = 8FFCD7E11EB915A90086BAAF /* EmergencyNavigationController.swift */; };
/* End PBXBuildFile section */

/* Begin PBXContainerItemProxy section */
		8FD766731E1609F2008E9D5C /* PBXContainerItemProxy */ = {
			isa = PBXContainerItemProxy;
			containerPortal = 8FD766561E1609F2008E9D5C /* Project object */;
			proxyType = 1;
			remoteGlobalIDString = 8FD7665D1E1609F2008E9D5C;
			remoteInfo = "VTA Emergency Viewer";
		};
/* End PBXContainerItemProxy section */

/* Begin PBXCopyFilesBuildPhase section */
		8FA631671F5880C0002AA903 /* CopyFiles */ = {
			isa = PBXCopyFilesBuildPhase;
			buildActionMask = 2147483647;
			dstPath = "include/$(PRODUCT_NAME)";
			dstSubfolderSpec = 16;
			files = (
			);
			runOnlyForDeploymentPostprocessing = 0;
		};
/* End PBXCopyFilesBuildPhase section */

/* Begin PBXFileReference section */
		53831AB9BD16443FD860A318 /* Pods-VTA Operations Manager's Assistant.debug.xcconfig */ = {isa = PBXFileReference; includeInIndex = 1; lastKnownFileType = text.xcconfig; name = "Pods-VTA Operations Manager's Assistant.debug.xcconfig"; path = "Pods/Target Support Files/Pods-VTA Operations Manager's Assistant/Pods-VTA Operations Manager's Assistant.debug.xcconfig"; sourceTree = "<group>"; };
		5726CD964DB78EAB3E67B11B /* Pods-VTA Operations Manager's Assistant.release.xcconfig */ = {isa = PBXFileReference; includeInIndex = 1; lastKnownFileType = text.xcconfig; name = "Pods-VTA Operations Manager's Assistant.release.xcconfig"; path = "Pods/Target Support Files/Pods-VTA Operations Manager's Assistant/Pods-VTA Operations Manager's Assistant.release.xcconfig"; sourceTree = "<group>"; };
		8F1275B51E47F01D00945874 /* Main.storyboard */ = {isa = PBXFileReference; fileEncoding = 4; lastKnownFileType = file.storyboard; path = Main.storyboard; sourceTree = "<group>"; };
		8F3A33EC1E18705900308818 /* EmergencyListContentCell.swift */ = {isa = PBXFileReference; fileEncoding = 4; lastKnownFileType = sourcecode.swift; path = EmergencyListContentCell.swift; sourceTree = "<group>"; };
		8F3CE9E31F8064FB00D6F987 /* GoogleService-Info.plist */ = {isa = PBXFileReference; fileEncoding = 4; lastKnownFileType = text.plist.xml; path = "GoogleService-Info.plist"; sourceTree = "<group>"; };
		8F4AD06E1F3460E100668195 /* AlertViewController.swift */ = {isa = PBXFileReference; fileEncoding = 4; lastKnownFileType = sourcecode.swift; path = AlertViewController.swift; sourceTree = "<group>"; };
		8F54B0551F3942C300A7F8F6 /* VTA Operations Manager's Assistant.xcdatamodel */ = {isa = PBXFileReference; lastKnownFileType = wrapper.xcdatamodel; path = "VTA Operations Manager's Assistant.xcdatamodel"; sourceTree = "<group>"; };
		8F58D85F1E96AD9600F1A095 /* VTA Operations Manager's Assistant.entitlements */ = {isa = PBXFileReference; lastKnownFileType = text.plist.entitlements; path = "VTA Operations Manager's Assistant.entitlements"; sourceTree = "<group>"; };
		8F5B55BE1F28931A00361349 /* OptionsViewController.swift */ = {isa = PBXFileReference; fileEncoding = 4; lastKnownFileType = sourcecode.swift; path = OptionsViewController.swift; sourceTree = "<group>"; };
		8F6822C21F3BB9A4001D3AAC /* OCPNavigationController.swift */ = {isa = PBXFileReference; fileEncoding = 4; lastKnownFileType = sourcecode.swift; path = OCPNavigationController.swift; sourceTree = "<group>"; };
		8FA631691F5880C0002AA903 /* libTOSMBClient.a */ = {isa = PBXFileReference; explicitFileType = archive.ar; includeInIndex = 0; path = libTOSMBClient.a; sourceTree = BUILT_PRODUCTS_DIR; };
		8FBBAA441E16DB0200CF697A /* EmergencyContentCell.swift */ = {isa = PBXFileReference; fileEncoding = 4; lastKnownFileType = sourcecode.swift; path = EmergencyContentCell.swift; sourceTree = "<group>"; };
		8FBBAA471E16DB6F00CF697A /* Emergency.swift */ = {isa = PBXFileReference; fileEncoding = 4; lastKnownFileType = sourcecode.swift; path = Emergency.swift; sourceTree = "<group>"; };
		8FC864381F3429EA00C19486 /* OCPListTableViewController.swift */ = {isa = PBXFileReference; fileEncoding = 4; lastKnownFileType = sourcecode.swift; path = OCPListTableViewController.swift; sourceTree = "<group>"; };
		8FC864391F3429EA00C19486 /* OCPListContentCell.swift */ = {isa = PBXFileReference; fileEncoding = 4; lastKnownFileType = sourcecode.swift; path = OCPListContentCell.swift; sourceTree = "<group>"; };
		8FC8643A1F3429EA00C19486 /* OCPTableViewController.swift */ = {isa = PBXFileReference; fileEncoding = 4; lastKnownFileType = sourcecode.swift; path = OCPTableViewController.swift; sourceTree = "<group>"; };
		8FC8643B1F3429EA00C19486 /* OCPContentCell.swift */ = {isa = PBXFileReference; fileEncoding = 4; lastKnownFileType = sourcecode.swift; path = OCPContentCell.swift; sourceTree = "<group>"; };
		8FC8643C1F3429EA00C19486 /* OCP.swift */ = {isa = PBXFileReference; fileEncoding = 4; lastKnownFileType = sourcecode.swift; path = OCP.swift; sourceTree = "<group>"; };
		8FD35C911E174A3D00F80A57 /* EmergencyTableViewController.swift */ = {isa = PBXFileReference; fileEncoding = 4; lastKnownFileType = sourcecode.swift; path = EmergencyTableViewController.swift; sourceTree = "<group>"; };
		8FD7665E1E1609F2008E9D5C /* VTA Operations Manager's Assistant.app */ = {isa = PBXFileReference; explicitFileType = wrapper.application; includeInIndex = 0; path = "VTA Operations Manager's Assistant.app"; sourceTree = BUILT_PRODUCTS_DIR; };
		8FD766611E1609F2008E9D5C /* AppDelegate.swift */ = {isa = PBXFileReference; lastKnownFileType = sourcecode.swift; path = AppDelegate.swift; sourceTree = "<group>"; };
		8FD766631E1609F2008E9D5C /* ViewController.swift */ = {isa = PBXFileReference; lastKnownFileType = sourcecode.swift; path = ViewController.swift; sourceTree = "<group>"; };
		8FD766681E1609F2008E9D5C /* Assets.xcassets */ = {isa = PBXFileReference; lastKnownFileType = folder.assetcatalog; path = Assets.xcassets; sourceTree = "<group>"; };
		8FD7666B1E1609F2008E9D5C /* Base */ = {isa = PBXFileReference; lastKnownFileType = file.storyboard; name = Base; path = Base.lproj/LaunchScreen.storyboard; sourceTree = "<group>"; };
		8FD7666D1E1609F2008E9D5C /* Info.plist */ = {isa = PBXFileReference; lastKnownFileType = text.plist.xml; path = Info.plist; sourceTree = "<group>"; };
		8FD766721E1609F2008E9D5C /* VTA Operations Manager's AssistantTests.xctest */ = {isa = PBXFileReference; explicitFileType = wrapper.cfbundle; includeInIndex = 0; path = "VTA Operations Manager's AssistantTests.xctest"; sourceTree = BUILT_PRODUCTS_DIR; };
		8FDE97D11F586F8B00712E3F /* EmergencyListTableViewController.swift */ = {isa = PBXFileReference; fileEncoding = 4; lastKnownFileType = sourcecode.swift; path = EmergencyListTableViewController.swift; sourceTree = "<group>"; };
		8FFCD7E11EB915A90086BAAF /* EmergencyNavigationController.swift */ = {isa = PBXFileReference; fileEncoding = 4; lastKnownFileType = sourcecode.swift; path = EmergencyNavigationController.swift; sourceTree = "<group>"; };
/* End PBXFileReference section */

/* Begin PBXFrameworksBuildPhase section */
		8FA631661F5880C0002AA903 /* Frameworks */ = {
			isa = PBXFrameworksBuildPhase;
			buildActionMask = 2147483647;
			files = (
			);
			runOnlyForDeploymentPostprocessing = 0;
		};
		8FD7665B1E1609F2008E9D5C /* Frameworks */ = {
			isa = PBXFrameworksBuildPhase;
			buildActionMask = 2147483647;
			files = (
			);
			runOnlyForDeploymentPostprocessing = 0;
		};
		8FD7666F1E1609F2008E9D5C /* Frameworks */ = {
			isa = PBXFrameworksBuildPhase;
			buildActionMask = 2147483647;
			files = (
			);
			runOnlyForDeploymentPostprocessing = 0;
		};
/* End PBXFrameworksBuildPhase section */

/* Begin PBXGroup section */
		8FA6313C1F587DDA002AA903 /* Frameworks */ = {
			isa = PBXGroup;
			children = (
			);
			name = Frameworks;
			sourceTree = "<group>";
		};
		8FD766551E1609F2008E9D5C = {
			isa = PBXGroup;
			children = (
				8F3CE9E31F8064FB00D6F987 /* GoogleService-Info.plist */,
				8FD766601E1609F2008E9D5C /* VTA Operations Manager's Assistant */,
				8FD7665F1E1609F2008E9D5C /* Products */,
				8FA6313C1F587DDA002AA903 /* Frameworks */,
				9BAD002930CEB188767238AA /* Pods */,
			);
			sourceTree = "<group>";
		};
		8FD7665F1E1609F2008E9D5C /* Products */ = {
			isa = PBXGroup;
			children = (
				8FD7665E1E1609F2008E9D5C /* VTA Operations Manager's Assistant.app */,
				8FD766721E1609F2008E9D5C /* VTA Operations Manager's AssistantTests.xctest */,
				8FA631691F5880C0002AA903 /* libTOSMBClient.a */,
			);
			name = Products;
			sourceTree = "<group>";
		};
		8FD766601E1609F2008E9D5C /* VTA Operations Manager's Assistant */ = {
			isa = PBXGroup;
			children = (
				8F58D85F1E96AD9600F1A095 /* VTA Operations Manager's Assistant.entitlements */,
				8F1275B51E47F01D00945874 /* Main.storyboard */,
				8FD766611E1609F2008E9D5C /* AppDelegate.swift */,
				8FD766631E1609F2008E9D5C /* ViewController.swift */,
				8FD766681E1609F2008E9D5C /* Assets.xcassets */,
				8FD7666A1E1609F2008E9D5C /* LaunchScreen.storyboard */,
				8FD7666D1E1609F2008E9D5C /* Info.plist */,
				8FC864381F3429EA00C19486 /* OCPListTableViewController.swift */,
				8FC864391F3429EA00C19486 /* OCPListContentCell.swift */,
				8F6822C21F3BB9A4001D3AAC /* OCPNavigationController.swift */,
				8FC8643A1F3429EA00C19486 /* OCPTableViewController.swift */,
				8FC8643B1F3429EA00C19486 /* OCPContentCell.swift */,
				8FC8643C1F3429EA00C19486 /* OCP.swift */,
				8F4AD06E1F3460E100668195 /* AlertViewController.swift */,
				8FDE97D11F586F8B00712E3F /* EmergencyListTableViewController.swift */,
				8FFCD7E11EB915A90086BAAF /* EmergencyNavigationController.swift */,
				8F3A33EC1E18705900308818 /* EmergencyListContentCell.swift */,
				8FD35C911E174A3D00F80A57 /* EmergencyTableViewController.swift */,
				8FBBAA441E16DB0200CF697A /* EmergencyContentCell.swift */,
				8FBBAA471E16DB6F00CF697A /* Emergency.swift */,
				8F5B55BE1F28931A00361349 /* OptionsViewController.swift */,
				8F54B0541F3942C300A7F8F6 /* VTA Operations Manager's Assistant.xcdatamodeld */,
			);
			path = "VTA Operations Manager's Assistant";
			sourceTree = "<group>";
		};
		9BAD002930CEB188767238AA /* Pods */ = {
			isa = PBXGroup;
			children = (
				53831AB9BD16443FD860A318 /* Pods-VTA Operations Manager's Assistant.debug.xcconfig */,
				5726CD964DB78EAB3E67B11B /* Pods-VTA Operations Manager's Assistant.release.xcconfig */,
			);
			name = Pods;
			sourceTree = "<group>";
		};
/* End PBXGroup section */

/* Begin PBXNativeTarget section */
		8FA631681F5880C0002AA903 /* TOSMBClient */ = {
			isa = PBXNativeTarget;
			buildConfigurationList = 8FA6316F1F5880C0002AA903 /* Build configuration list for PBXNativeTarget "TOSMBClient" */;
			buildPhases = (
				8FA631651F5880C0002AA903 /* Sources */,
				8FA631661F5880C0002AA903 /* Frameworks */,
				8FA631671F5880C0002AA903 /* CopyFiles */,
			);
			buildRules = (
			);
			dependencies = (
			);
			name = TOSMBClient;
			productName = TOSMBClient;
			productReference = 8FA631691F5880C0002AA903 /* libTOSMBClient.a */;
			productType = "com.apple.product-type.library.static";
		};
		8FD7665D1E1609F2008E9D5C /* VTA Operations Manager's Assistant */ = {
			isa = PBXNativeTarget;
			buildConfigurationList = 8FD7667B1E1609F2008E9D5C /* Build configuration list for PBXNativeTarget "VTA Operations Manager's Assistant" */;
			buildPhases = (
				2CD0A7ABFB707CA671694CB8 /* [CP] Check Pods Manifest.lock */,
				8FD7665A1E1609F2008E9D5C /* Sources */,
				8FD7665B1E1609F2008E9D5C /* Frameworks */,
				8FD7665C1E1609F2008E9D5C /* Resources */,
				7D3249779D77C5668BF73DFD /* [CP] Embed Pods Frameworks */,
				A6E9E48F2F26D7A10DD73582 /* [CP] Copy Pods Resources */,
			);
			buildRules = (
			);
			dependencies = (
			);
			name = "VTA Operations Manager's Assistant";
			productName = "VTA Emergency Viewer";
			productReference = 8FD7665E1E1609F2008E9D5C /* VTA Operations Manager's Assistant.app */;
			productType = "com.apple.product-type.application";
		};
		8FD766711E1609F2008E9D5C /* VTA Operations Manager's AssistantTests */ = {
			isa = PBXNativeTarget;
			buildConfigurationList = 8FD7667E1E1609F2008E9D5C /* Build configuration list for PBXNativeTarget "VTA Operations Manager's AssistantTests" */;
			buildPhases = (
				8FD7666E1E1609F2008E9D5C /* Sources */,
				8FD7666F1E1609F2008E9D5C /* Frameworks */,
				8FD766701E1609F2008E9D5C /* Resources */,
			);
			buildRules = (
			);
			dependencies = (
				8FD766741E1609F2008E9D5C /* PBXTargetDependency */,
			);
			name = "VTA Operations Manager's AssistantTests";
			productName = "VTA Emergency ViewerTests";
			productReference = 8FD766721E1609F2008E9D5C /* VTA Operations Manager's AssistantTests.xctest */;
			productType = "com.apple.product-type.bundle.unit-test";
		};
/* End PBXNativeTarget section */

/* Begin PBXProject section */
		8FD766561E1609F2008E9D5C /* Project object */ = {
			isa = PBXProject;
			attributes = {
				LastSwiftUpdateCheck = 0810;
				LastUpgradeCheck = 0820;
				ORGANIZATIONNAME = "Nathan Walker";
				TargetAttributes = {
					8FA631681F5880C0002AA903 = {
						CreatedOnToolsVersion = 8.3.3;
						ProvisioningStyle = Automatic;
					};
					8FD7665D1E1609F2008E9D5C = {
						CreatedOnToolsVersion = 8.1;
						DevelopmentTeam = D5J4ZY4W89;
						LastSwiftMigration = 0830;
						ProvisioningStyle = Automatic;
						SystemCapabilities = {
							com.apple.Push = {
								enabled = 1;
							};
						};
					};
					8FD766711E1609F2008E9D5C = {
						CreatedOnToolsVersion = 8.1;
						ProvisioningStyle = Automatic;
						TestTargetID = 8FD7665D1E1609F2008E9D5C;
					};
				};
			};
			buildConfigurationList = 8FD766591E1609F2008E9D5C /* Build configuration list for PBXProject "VTA Operations Manager's Assistant" */;
			compatibilityVersion = "Xcode 3.2";
			developmentRegion = English;
			hasScannedForEncodings = 0;
			knownRegions = (
				en,
				Base,
			);
			mainGroup = 8FD766551E1609F2008E9D5C;
			productRefGroup = 8FD7665F1E1609F2008E9D5C /* Products */;
			projectDirPath = "";
			projectRoot = "";
			targets = (
				8FD7665D1E1609F2008E9D5C /* VTA Operations Manager's Assistant */,
				8FD766711E1609F2008E9D5C /* VTA Operations Manager's AssistantTests */,
				8FA631681F5880C0002AA903 /* TOSMBClient */,
			);
		};
/* End PBXProject section */

/* Begin PBXResourcesBuildPhase section */
		8FD7665C1E1609F2008E9D5C /* Resources */ = {
			isa = PBXResourcesBuildPhase;
			buildActionMask = 2147483647;
			files = (
				8F1275B61E47F01D00945874 /* Main.storyboard in Resources */,
				8F3CE9E41F8064FB00D6F987 /* GoogleService-Info.plist in Resources */,
				8FD7666C1E1609F2008E9D5C /* LaunchScreen.storyboard in Resources */,
				8FD766691E1609F2008E9D5C /* Assets.xcassets in Resources */,
			);
			runOnlyForDeploymentPostprocessing = 0;
		};
		8FD766701E1609F2008E9D5C /* Resources */ = {
			isa = PBXResourcesBuildPhase;
			buildActionMask = 2147483647;
			files = (
			);
			runOnlyForDeploymentPostprocessing = 0;
		};
/* End PBXResourcesBuildPhase section */

/* Begin PBXShellScriptBuildPhase section */
		2CD0A7ABFB707CA671694CB8 /* [CP] Check Pods Manifest.lock */ = {
			isa = PBXShellScriptBuildPhase;
			buildActionMask = 2147483647;
			files = (
			);
			inputPaths = (
				"${PODS_PODFILE_DIR_PATH}/Podfile.lock",
				"${PODS_ROOT}/Manifest.lock",
			);
			name = "[CP] Check Pods Manifest.lock";
			outputPaths = (
				"$(DERIVED_FILE_DIR)/Pods-VTA Operations Manager's Assistant-checkManifestLockResult.txt",
			);
			runOnlyForDeploymentPostprocessing = 0;
			shellPath = /bin/sh;
			shellScript = "diff \"${PODS_PODFILE_DIR_PATH}/Podfile.lock\" \"${PODS_ROOT}/Manifest.lock\" > /dev/null\nif [ $? != 0 ] ; then\n    # print error to STDERR\n    echo \"error: The sandbox is not in sync with the Podfile.lock. Run 'pod install' or update your CocoaPods installation.\" >&2\n    exit 1\nfi\n# This output is used by Xcode 'outputs' to avoid re-running this script phase.\necho \"SUCCESS\" > \"${SCRIPT_OUTPUT_FILE_0}\"\n";
			showEnvVarsInLog = 0;
		};
		7D3249779D77C5668BF73DFD /* [CP] Embed Pods Frameworks */ = {
			isa = PBXShellScriptBuildPhase;
			buildActionMask = 2147483647;
			files = (
			);
			inputPaths = (
				"${SRCROOT}/Pods/Target Support Files/Pods-VTA Operations Manager's Assistant/Pods-VTA Operations Manager's Assistant-frameworks.sh",
				"${BUILT_PRODUCTS_DIR}/GTMOAuth2/GTMOAuth2.framework",
				"${BUILT_PRODUCTS_DIR}/GTMSessionFetcher/GTMSessionFetcher.framework",
				"${BUILT_PRODUCTS_DIR}/GoogleAPIClientForREST/GoogleAPIClientForREST.framework",
				"${BUILT_PRODUCTS_DIR}/GoogleToolboxForMac/GoogleToolboxForMac.framework",
			);
			name = "[CP] Embed Pods Frameworks";
			outputPaths = (
				"${TARGET_BUILD_DIR}/${FRAMEWORKS_FOLDER_PATH}/GTMOAuth2.framework",
				"${TARGET_BUILD_DIR}/${FRAMEWORKS_FOLDER_PATH}/GTMSessionFetcher.framework",
				"${TARGET_BUILD_DIR}/${FRAMEWORKS_FOLDER_PATH}/GoogleAPIClientForREST.framework",
				"${TARGET_BUILD_DIR}/${FRAMEWORKS_FOLDER_PATH}/GoogleToolboxForMac.framework",
			);
			runOnlyForDeploymentPostprocessing = 0;
			shellPath = /bin/sh;
			shellScript = "\"${SRCROOT}/Pods/Target Support Files/Pods-VTA Operations Manager's Assistant/Pods-VTA Operations Manager's Assistant-frameworks.sh\"\n";
			showEnvVarsInLog = 0;
		};
		A6E9E48F2F26D7A10DD73582 /* [CP] Copy Pods Resources */ = {
			isa = PBXShellScriptBuildPhase;
			buildActionMask = 2147483647;
			files = (
			);
			inputPaths = (
				"${SRCROOT}/Pods/Target Support Files/Pods-VTA Operations Manager's Assistant/Pods-VTA Operations Manager's Assistant-resources.sh",
				"${PODS_ROOT}/GoogleSignIn/Resources/GoogleSignIn.bundle",
			);
			name = "[CP] Copy Pods Resources";
			outputPaths = (
				"${TARGET_BUILD_DIR}/${UNLOCALIZED_RESOURCES_FOLDER_PATH}",
			);
			runOnlyForDeploymentPostprocessing = 0;
			shellPath = /bin/sh;
			shellScript = "\"${SRCROOT}/Pods/Target Support Files/Pods-VTA Operations Manager's Assistant/Pods-VTA Operations Manager's Assistant-resources.sh\"\n";
			showEnvVarsInLog = 0;
		};
/* End PBXShellScriptBuildPhase section */

/* Begin PBXSourcesBuildPhase section */
		8FA631651F5880C0002AA903 /* Sources */ = {
			isa = PBXSourcesBuildPhase;
			buildActionMask = 2147483647;
			files = (
			);
			runOnlyForDeploymentPostprocessing = 0;
		};
		8FD7665A1E1609F2008E9D5C /* Sources */ = {
			isa = PBXSourcesBuildPhase;
			buildActionMask = 2147483647;
			files = (
				8FBBAA481E16DB6F00CF697A /* Emergency.swift in Sources */,
				8FFCD7E21EB915A90086BAAF /* EmergencyNavigationController.swift in Sources */,
				8F3A33ED1E18705900308818 /* EmergencyListContentCell.swift in Sources */,
				8FC8643D1F3429EA00C19486 /* OCPListTableViewController.swift in Sources */,
				8F6822C31F3BB9A4001D3AAC /* OCPNavigationController.swift in Sources */,
				8FC864411F3429EA00C19486 /* OCP.swift in Sources */,
				8F54B0561F3942C300A7F8F6 /* VTA Operations Manager's Assistant.xcdatamodeld in Sources */,
				8F5B55BF1F28931A00361349 /* OptionsViewController.swift in Sources */,
				8FD35C921E174A3D00F80A57 /* EmergencyTableViewController.swift in Sources */,
				8FBBAA461E16DB0200CF697A /* EmergencyContentCell.swift in Sources */,
				8FDE97D21F586F8B00712E3F /* EmergencyListTableViewController.swift in Sources */,
				8FD766641E1609F2008E9D5C /* ViewController.swift in Sources */,
				8FC8643F1F3429EA00C19486 /* OCPTableViewController.swift in Sources */,
				8FC864401F3429EA00C19486 /* OCPContentCell.swift in Sources */,
				8F4AD06F1F3460E100668195 /* AlertViewController.swift in Sources */,
				8FD766621E1609F2008E9D5C /* AppDelegate.swift in Sources */,
				8FC8643E1F3429EA00C19486 /* OCPListContentCell.swift in Sources */,
			);
			runOnlyForDeploymentPostprocessing = 0;
		};
		8FD7666E1E1609F2008E9D5C /* Sources */ = {
			isa = PBXSourcesBuildPhase;
			buildActionMask = 2147483647;
			files = (
			);
			runOnlyForDeploymentPostprocessing = 0;
		};
/* End PBXSourcesBuildPhase section */

/* Begin PBXTargetDependency section */
		8FD766741E1609F2008E9D5C /* PBXTargetDependency */ = {
			isa = PBXTargetDependency;
			target = 8FD7665D1E1609F2008E9D5C /* VTA Operations Manager's Assistant */;
			targetProxy = 8FD766731E1609F2008E9D5C /* PBXContainerItemProxy */;
		};
/* End PBXTargetDependency section */

/* Begin PBXVariantGroup section */
		8FD7666A1E1609F2008E9D5C /* LaunchScreen.storyboard */ = {
			isa = PBXVariantGroup;
			children = (
				8FD7666B1E1609F2008E9D5C /* Base */,
			);
			name = LaunchScreen.storyboard;
			sourceTree = "<group>";
		};
/* End PBXVariantGroup section */

/* Begin XCBuildConfiguration section */
		8FA631701F5880C0002AA903 /* Debug */ = {
			isa = XCBuildConfiguration;
			buildSettings = {
				CLANG_ANALYZER_NUMBER_OBJECT_CONVERSION = YES_AGGRESSIVE;
				IPHONEOS_DEPLOYMENT_TARGET = 10.3;
				OTHER_LDFLAGS = "-ObjC";
				PRODUCT_NAME = "$(TARGET_NAME)";
				SKIP_INSTALL = YES;
			};
			name = Debug;
		};
		8FA631711F5880C0002AA903 /* Release */ = {
			isa = XCBuildConfiguration;
			buildSettings = {
				CLANG_ANALYZER_NUMBER_OBJECT_CONVERSION = YES_AGGRESSIVE;
				IPHONEOS_DEPLOYMENT_TARGET = 10.3;
				OTHER_LDFLAGS = "-ObjC";
				PRODUCT_NAME = "$(TARGET_NAME)";
				SKIP_INSTALL = YES;
			};
			name = Release;
		};
		8FD766791E1609F2008E9D5C /* Debug */ = {
			isa = XCBuildConfiguration;
			buildSettings = {
				ALWAYS_SEARCH_USER_PATHS = NO;
				CLANG_ANALYZER_NONNULL = YES;
				CLANG_CXX_LANGUAGE_STANDARD = "gnu++0x";
				CLANG_CXX_LIBRARY = "libc++";
				CLANG_ENABLE_MODULES = YES;
				CLANG_ENABLE_OBJC_ARC = YES;
				CLANG_WARN_BOOL_CONVERSION = YES;
				CLANG_WARN_CONSTANT_CONVERSION = YES;
				CLANG_WARN_DIRECT_OBJC_ISA_USAGE = YES_ERROR;
				CLANG_WARN_DOCUMENTATION_COMMENTS = YES;
				CLANG_WARN_EMPTY_BODY = YES;
				CLANG_WARN_ENUM_CONVERSION = YES;
				CLANG_WARN_INFINITE_RECURSION = YES;
				CLANG_WARN_INT_CONVERSION = YES;
				CLANG_WARN_OBJC_ROOT_CLASS = YES_ERROR;
				CLANG_WARN_SUSPICIOUS_MOVE = YES;
				CLANG_WARN_SUSPICIOUS_MOVES = YES;
				CLANG_WARN_UNREACHABLE_CODE = YES;
				CLANG_WARN__DUPLICATE_METHOD_MATCH = YES;
				"CODE_SIGN_IDENTITY[sdk=iphoneos*]" = "iPhone Developer";
				COPY_PHASE_STRIP = NO;
				DEBUG_INFORMATION_FORMAT = dwarf;
				ENABLE_STRICT_OBJC_MSGSEND = YES;
				ENABLE_TESTABILITY = YES;
				GCC_C_LANGUAGE_STANDARD = gnu99;
				GCC_DYNAMIC_NO_PIC = NO;
				GCC_NO_COMMON_BLOCKS = YES;
				GCC_OPTIMIZATION_LEVEL = 0;
				GCC_PREPROCESSOR_DEFINITIONS = (
					"DEBUG=1",
					"$(inherited)",
				);
				GCC_WARN_64_TO_32_BIT_CONVERSION = YES;
				GCC_WARN_ABOUT_RETURN_TYPE = YES_ERROR;
				GCC_WARN_UNDECLARED_SELECTOR = YES;
				GCC_WARN_UNINITIALIZED_AUTOS = YES_AGGRESSIVE;
				GCC_WARN_UNUSED_FUNCTION = YES;
				GCC_WARN_UNUSED_VARIABLE = YES;
				IPHONEOS_DEPLOYMENT_TARGET = 10.1;
				MTL_ENABLE_DEBUG_INFO = YES;
				ONLY_ACTIVE_ARCH = YES;
				SDKROOT = iphoneos;
				SWIFT_ACTIVE_COMPILATION_CONDITIONS = DEBUG;
				SWIFT_OPTIMIZATION_LEVEL = "-Onone";
				TARGETED_DEVICE_FAMILY = "1,2";
			};
			name = Debug;
		};
		8FD7667A1E1609F2008E9D5C /* Release */ = {
			isa = XCBuildConfiguration;
			buildSettings = {
				ALWAYS_SEARCH_USER_PATHS = NO;
				CLANG_ANALYZER_NONNULL = YES;
				CLANG_CXX_LANGUAGE_STANDARD = "gnu++0x";
				CLANG_CXX_LIBRARY = "libc++";
				CLANG_ENABLE_MODULES = YES;
				CLANG_ENABLE_OBJC_ARC = YES;
				CLANG_WARN_BOOL_CONVERSION = YES;
				CLANG_WARN_CONSTANT_CONVERSION = YES;
				CLANG_WARN_DIRECT_OBJC_ISA_USAGE = YES_ERROR;
				CLANG_WARN_DOCUMENTATION_COMMENTS = YES;
				CLANG_WARN_EMPTY_BODY = YES;
				CLANG_WARN_ENUM_CONVERSION = YES;
				CLANG_WARN_INFINITE_RECURSION = YES;
				CLANG_WARN_INT_CONVERSION = YES;
				CLANG_WARN_OBJC_ROOT_CLASS = YES_ERROR;
				CLANG_WARN_SUSPICIOUS_MOVE = YES;
				CLANG_WARN_SUSPICIOUS_MOVES = YES;
				CLANG_WARN_UNREACHABLE_CODE = YES;
				CLANG_WARN__DUPLICATE_METHOD_MATCH = YES;
				"CODE_SIGN_IDENTITY[sdk=iphoneos*]" = "iPhone Developer";
				COPY_PHASE_STRIP = NO;
				DEBUG_INFORMATION_FORMAT = "dwarf-with-dsym";
				ENABLE_NS_ASSERTIONS = NO;
				ENABLE_STRICT_OBJC_MSGSEND = YES;
				GCC_C_LANGUAGE_STANDARD = gnu99;
				GCC_NO_COMMON_BLOCKS = YES;
				GCC_WARN_64_TO_32_BIT_CONVERSION = YES;
				GCC_WARN_ABOUT_RETURN_TYPE = YES_ERROR;
				GCC_WARN_UNDECLARED_SELECTOR = YES;
				GCC_WARN_UNINITIALIZED_AUTOS = YES_AGGRESSIVE;
				GCC_WARN_UNUSED_FUNCTION = YES;
				GCC_WARN_UNUSED_VARIABLE = YES;
				IPHONEOS_DEPLOYMENT_TARGET = 10.1;
				MTL_ENABLE_DEBUG_INFO = NO;
				SDKROOT = iphoneos;
				SWIFT_OPTIMIZATION_LEVEL = "-Owholemodule";
				TARGETED_DEVICE_FAMILY = "1,2";
				VALIDATE_PRODUCT = YES;
			};
			name = Release;
		};
		8FD7667C1E1609F2008E9D5C /* Debug */ = {
			isa = XCBuildConfiguration;
			baseConfigurationReference = 53831AB9BD16443FD860A318 /* Pods-VTA Operations Manager's Assistant.debug.xcconfig */;
			buildSettings = {
				ASSETCATALOG_COMPILER_APPICON_NAME = AppIcon;
				CLANG_ENABLE_MODULES = YES;
				CODE_SIGN_ENTITLEMENTS = "VTA Operations Manager's Assistant/VTA Operations Manager's Assistant.entitlements";
				DEFINES_MODULE = YES;
				DEVELOPMENT_TEAM = D5J4ZY4W89;
				INFOPLIST_FILE = "VTA Operations Manager's Assistant/Info.plist";
				LD_RUNPATH_SEARCH_PATHS = "$(inherited) @executable_path/Frameworks";
				LIBRARY_SEARCH_PATHS = (
					"$(inherited)",
					"$(PROJECT_DIR)/TOSMBClient/libdsm",
				);
				PRODUCT_BUNDLE_IDENTIFIER = com.nwalker2398.VTAOperationManagersAssistant;
				PRODUCT_NAME = "$(TARGET_NAME)";
				SWIFT_OPTIMIZATION_LEVEL = "-Onone";
				SWIFT_VERSION = 3.0;
			};
			name = Debug;
		};
		8FD7667D1E1609F2008E9D5C /* Release */ = {
			isa = XCBuildConfiguration;
			baseConfigurationReference = 5726CD964DB78EAB3E67B11B /* Pods-VTA Operations Manager's Assistant.release.xcconfig */;
			buildSettings = {
				ASSETCATALOG_COMPILER_APPICON_NAME = AppIcon;
				CLANG_ENABLE_MODULES = YES;
				CODE_SIGN_ENTITLEMENTS = "VTA Operations Manager's Assistant/VTA Operations Manager's Assistant.entitlements";
				DEFINES_MODULE = YES;
				DEVELOPMENT_TEAM = D5J4ZY4W89;
				INFOPLIST_FILE = "VTA Operations Manager's Assistant/Info.plist";
				LD_RUNPATH_SEARCH_PATHS = "$(inherited) @executable_path/Frameworks";
				LIBRARY_SEARCH_PATHS = (
					"$(inherited)",
					"$(PROJECT_DIR)/TOSMBClient/libdsm",
				);
				PRODUCT_BUNDLE_IDENTIFIER = com.nwalker2398.VTAOperationManagersAssistant;
				PRODUCT_NAME = "$(TARGET_NAME)";
				"SWIFT_OBJC_BRIDGING_HEADER[arch=*]" = "";
				SWIFT_OPTIMIZATION_LEVEL = "-Owholemodule";
				SWIFT_VERSION = 3.0;
			};
			name = Release;
		};
		8FD7667F1E1609F2008E9D5C /* Debug */ = {
			isa = XCBuildConfiguration;
			buildSettings = {
				ALWAYS_EMBED_SWIFT_STANDARD_LIBRARIES = YES;
				BUNDLE_LOADER = "$(TEST_HOST)";
				INFOPLIST_FILE = "VTA Emergency ViewerTests/Info.plist";
				LD_RUNPATH_SEARCH_PATHS = "$(inherited) @executable_path/Frameworks @loader_path/Frameworks";
				PRODUCT_BUNDLE_IDENTIFIER = "com.example.VTA-Emergency-ViewerTests";
				PRODUCT_NAME = "$(TARGET_NAME)";
				SWIFT_VERSION = 3.0;
				TEST_HOST = "$(BUILT_PRODUCTS_DIR)/VTA Operations Manager's Assistant.app/VTA Operations Manager's Assistant";
			};
			name = Debug;
		};
		8FD766801E1609F2008E9D5C /* Release */ = {
			isa = XCBuildConfiguration;
			buildSettings = {
				ALWAYS_EMBED_SWIFT_STANDARD_LIBRARIES = YES;
				BUNDLE_LOADER = "$(TEST_HOST)";
				INFOPLIST_FILE = "VTA Emergency ViewerTests/Info.plist";
				LD_RUNPATH_SEARCH_PATHS = "$(inherited) @executable_path/Frameworks @loader_path/Frameworks";
				PRODUCT_BUNDLE_IDENTIFIER = "com.example.VTA-Emergency-ViewerTests";
				PRODUCT_NAME = "$(TARGET_NAME)";
				SWIFT_VERSION = 3.0;
				TEST_HOST = "$(BUILT_PRODUCTS_DIR)/VTA Operations Manager's Assistant.app/VTA Operations Manager's Assistant";
			};
			name = Release;
		};
/* End XCBuildConfiguration section */

/* Begin XCConfigurationList section */
		8FA6316F1F5880C0002AA903 /* Build configuration list for PBXNativeTarget "TOSMBClient" */ = {
			isa = XCConfigurationList;
			buildConfigurations = (
				8FA631701F5880C0002AA903 /* Debug */,
				8FA631711F5880C0002AA903 /* Release */,
			);
			defaultConfigurationIsVisible = 0;
			defaultConfigurationName = Release;
		};
		8FD766591E1609F2008E9D5C /* Build configuration list for PBXProject "VTA Operations Manager's Assistant" */ = {
			isa = XCConfigurationList;
			buildConfigurations = (
				8FD766791E1609F2008E9D5C /* Debug */,
				8FD7667A1E1609F2008E9D5C /* Release */,
			);
			defaultConfigurationIsVisible = 0;
			defaultConfigurationName = Release;
		};
		8FD7667B1E1609F2008E9D5C /* Build configuration list for PBXNativeTarget "VTA Operations Manager's Assistant" */ = {
			isa = XCConfigurationList;
			buildConfigurations = (
				8FD7667C1E1609F2008E9D5C /* Debug */,
				8FD7667D1E1609F2008E9D5C /* Release */,
			);
			defaultConfigurationIsVisible = 0;
			defaultConfigurationName = Release;
		};
		8FD7667E1E1609F2008E9D5C /* Build configuration list for PBXNativeTarget "VTA Operations Manager's AssistantTests" */ = {
			isa = XCConfigurationList;
			buildConfigurations = (
				8FD7667F1E1609F2008E9D5C /* Debug */,
				8FD766801E1609F2008E9D5C /* Release */,
			);
			defaultConfigurationIsVisible = 0;
			defaultConfigurationName = Release;
		};
/* End XCConfigurationList section */

/* Begin XCVersionGroup section */
		8F54B0541F3942C300A7F8F6 /* VTA Operations Manager's Assistant.xcdatamodeld */ = {
			isa = XCVersionGroup;
			children = (
				8F54B0551F3942C300A7F8F6 /* VTA Operations Manager's Assistant.xcdatamodel */,
			);
			currentVersion = 8F54B0551F3942C300A7F8F6 /* VTA Operations Manager's Assistant.xcdatamodel */;
			path = "VTA Operations Manager's Assistant.xcdatamodeld";
			sourceTree = "<group>";
			versionGroupType = wrapper.xcdatamodel;
		};
/* End XCVersionGroup section */
	};
	rootObject = 8FD766561E1609F2008E9D5C /* Project object */;
}
